// !$*UTF8*$!
{
	archiveVersion = 1;
	classes = {
	};
	objectVersion = 46;
	objects = {

/* Begin PBXBuildFile section */
		9DA291701BD4D8BC00AED4CE /* main.m in Sources */ = {isa = PBXBuildFile; fileRef = 9DA2916F1BD4D8BC00AED4CE /* main.m */; };
		9DA291731BD4D8BC00AED4CE /* AppDelegate.m in Sources */ = {isa = PBXBuildFile; fileRef = 9DA291721BD4D8BC00AED4CE /* AppDelegate.m */; };
		9DA291761BD4D8BC00AED4CE /* GameViewController.m in Sources */ = {isa = PBXBuildFile; fileRef = 9DA291751BD4D8BC00AED4CE /* GameViewController.m */; };
		9DA291791BD4D8BC00AED4CE /* Main.storyboard in Resources */ = {isa = PBXBuildFile; fileRef = 9DA291771BD4D8BC00AED4CE /* Main.storyboard */; };
		9DA2917B1BD4D8BC00AED4CE /* Assets.xcassets in Resources */ = {isa = PBXBuildFile; fileRef = 9DA2917A1BD4D8BC00AED4CE /* Assets.xcassets */; };
		9DA2917E1BD4D8BC00AED4CE /* LaunchScreen.storyboard in Resources */ = {isa = PBXBuildFile; fileRef = 9DA2917C1BD4D8BC00AED4CE /* LaunchScreen.storyboard */; };
		9DA291891BD4D8BC00AED4CE /* SmeshDaMoleTests.m in Sources */ = {isa = PBXBuildFile; fileRef = 9DA291881BD4D8BC00AED4CE /* SmeshDaMoleTests.m */; };
		9DA291941BD4D8BC00AED4CE /* SmeshDaMoleUITests.m in Sources */ = {isa = PBXBuildFile; fileRef = 9DA291931BD4D8BC00AED4CE /* SmeshDaMoleUITests.m */; };
		9DA291A51BD4E32000AED4CE /* Grass.png in Resources */ = {isa = PBXBuildFile; fileRef = 9DA291A41BD4E32000AED4CE /* Grass.png */; settings = {ASSET_TAGS = (); }; };
/* End PBXBuildFile section */

/* Begin PBXContainerItemProxy section */
		9DA291851BD4D8BC00AED4CE /* PBXContainerItemProxy */ = {
			isa = PBXContainerItemProxy;
			containerPortal = 9DA291631BD4D8BC00AED4CE /* Project object */;
			proxyType = 1;
			remoteGlobalIDString = 9DA2916A1BD4D8BC00AED4CE;
			remoteInfo = SmeshDaMole;
		};
		9DA291901BD4D8BC00AED4CE /* PBXContainerItemProxy */ = {
			isa = PBXContainerItemProxy;
			containerPortal = 9DA291631BD4D8BC00AED4CE /* Project object */;
			proxyType = 1;
			remoteGlobalIDString = 9DA2916A1BD4D8BC00AED4CE;
			remoteInfo = SmeshDaMole;
		};
/* End PBXContainerItemProxy section */

/* Begin PBXFileReference section */
		9DA2916B1BD4D8BC00AED4CE /* SmeshDaMole.app */ = {isa = PBXFileReference; explicitFileType = wrapper.application; includeInIndex = 0; path = SmeshDaMole.app; sourceTree = BUILT_PRODUCTS_DIR; };
		9DA2916F1BD4D8BC00AED4CE /* main.m */ = {isa = PBXFileReference; lastKnownFileType = sourcecode.c.objc; path = main.m; sourceTree = "<group>"; };
		9DA291711BD4D8BC00AED4CE /* AppDelegate.h */ = {isa = PBXFileReference; lastKnownFileType = sourcecode.c.h; path = AppDelegate.h; sourceTree = "<group>"; };
		9DA291721BD4D8BC00AED4CE /* AppDelegate.m */ = {isa = PBXFileReference; lastKnownFileType = sourcecode.c.objc; path = AppDelegate.m; sourceTree = "<group>"; };
		9DA291741BD4D8BC00AED4CE /* GameViewController.h */ = {isa = PBXFileReference; lastKnownFileType = sourcecode.c.h; path = GameViewController.h; sourceTree = "<group>"; };
		9DA291751BD4D8BC00AED4CE /* GameViewController.m */ = {isa = PBXFileReference; lastKnownFileType = sourcecode.c.objc; path = GameViewController.m; sourceTree = "<group>"; };
		9DA291781BD4D8BC00AED4CE /* Base */ = {isa = PBXFileReference; lastKnownFileType = file.storyboard; name = Base; path = Base.lproj/Main.storyboard; sourceTree = "<group>"; };
		9DA2917A1BD4D8BC00AED4CE /* Assets.xcassets */ = {isa = PBXFileReference; lastKnownFileType = folder.assetcatalog; path = Assets.xcassets; sourceTree = "<group>"; };
		9DA2917D1BD4D8BC00AED4CE /* Base */ = {isa = PBXFileReference; lastKnownFileType = file.storyboard; name = Base; path = Base.lproj/LaunchScreen.storyboard; sourceTree = "<group>"; };
		9DA2917F1BD4D8BC00AED4CE /* Info.plist */ = {isa = PBXFileReference; lastKnownFileType = text.plist.xml; path = Info.plist; sourceTree = "<group>"; };
		9DA291841BD4D8BC00AED4CE /* SmeshDaMoleTests.xctest */ = {isa = PBXFileReference; explicitFileType = wrapper.cfbundle; includeInIndex = 0; path = SmeshDaMoleTests.xctest; sourceTree = BUILT_PRODUCTS_DIR; };
		9DA291881BD4D8BC00AED4CE /* SmeshDaMoleTests.m */ = {isa = PBXFileReference; lastKnownFileType = sourcecode.c.objc; path = SmeshDaMoleTests.m; sourceTree = "<group>"; };
		9DA2918A1BD4D8BC00AED4CE /* Info.plist */ = {isa = PBXFileReference; lastKnownFileType = text.plist.xml; path = Info.plist; sourceTree = "<group>"; };
		9DA2918F1BD4D8BC00AED4CE /* SmeshDaMoleUITests.xctest */ = {isa = PBXFileReference; explicitFileType = wrapper.cfbundle; includeInIndex = 0; path = SmeshDaMoleUITests.xctest; sourceTree = BUILT_PRODUCTS_DIR; };
		9DA291931BD4D8BC00AED4CE /* SmeshDaMoleUITests.m */ = {isa = PBXFileReference; lastKnownFileType = sourcecode.c.objc; path = SmeshDaMoleUITests.m; sourceTree = "<group>"; };
		9DA291951BD4D8BC00AED4CE /* Info.plist */ = {isa = PBXFileReference; lastKnownFileType = text.plist.xml; path = Info.plist; sourceTree = "<group>"; };
		9DA291A41BD4E32000AED4CE /* Grass.png */ = {isa = PBXFileReference; lastKnownFileType = image.png; path = Grass.png; sourceTree = "<group>"; };
/* End PBXFileReference section */

/* Begin PBXFrameworksBuildPhase section */
		9DA291681BD4D8BC00AED4CE /* Frameworks */ = {
			isa = PBXFrameworksBuildPhase;
			buildActionMask = 2147483647;
			files = (
			);
			runOnlyForDeploymentPostprocessing = 0;
		};
		9DA291811BD4D8BC00AED4CE /* Frameworks */ = {
			isa = PBXFrameworksBuildPhase;
			buildActionMask = 2147483647;
			files = (
			);
			runOnlyForDeploymentPostprocessing = 0;
		};
		9DA2918C1BD4D8BC00AED4CE /* Frameworks */ = {
			isa = PBXFrameworksBuildPhase;
			buildActionMask = 2147483647;
			files = (
			);
			runOnlyForDeploymentPostprocessing = 0;
		};
/* End PBXFrameworksBuildPhase section */

/* Begin PBXGroup section */
		9DA291621BD4D8BC00AED4CE = {
			isa = PBXGroup;
			children = (
				9DA291A11BD4E02600AED4CE /* Sprites */,
				9DA2916D1BD4D8BC00AED4CE /* SmeshDaMole */,
				9DA291871BD4D8BC00AED4CE /* SmeshDaMoleTests */,
				9DA291921BD4D8BC00AED4CE /* SmeshDaMoleUITests */,
				9DA2916C1BD4D8BC00AED4CE /* Products */,
			);
			sourceTree = "<group>";
		};
		9DA2916C1BD4D8BC00AED4CE /* Products */ = {
			isa = PBXGroup;
			children = (
				9DA2916B1BD4D8BC00AED4CE /* SmeshDaMole.app */,
				9DA291841BD4D8BC00AED4CE /* SmeshDaMoleTests.xctest */,
				9DA2918F1BD4D8BC00AED4CE /* SmeshDaMoleUITests.xctest */,
			);
			name = Products;
			sourceTree = "<group>";
		};
		9DA2916D1BD4D8BC00AED4CE /* SmeshDaMole */ = {
			isa = PBXGroup;
			children = (
				9DA291711BD4D8BC00AED4CE /* AppDelegate.h */,
				9DA291721BD4D8BC00AED4CE /* AppDelegate.m */,
				9DA291741BD4D8BC00AED4CE /* GameViewController.h */,
				9DA291751BD4D8BC00AED4CE /* GameViewController.m */,
				9DA291771BD4D8BC00AED4CE /* Main.storyboard */,
				9DA2917A1BD4D8BC00AED4CE /* Assets.xcassets */,
				9DA2917C1BD4D8BC00AED4CE /* LaunchScreen.storyboard */,
				9DA2917F1BD4D8BC00AED4CE /* Info.plist */,
				9DA2916E1BD4D8BC00AED4CE /* Supporting Files */,
			);
			path = SmeshDaMole;
			sourceTree = "<group>";
		};
		9DA2916E1BD4D8BC00AED4CE /* Supporting Files */ = {
			isa = PBXGroup;
			children = (
				9DA2916F1BD4D8BC00AED4CE /* main.m */,
			);
			name = "Supporting Files";
			sourceTree = "<group>";
		};
		9DA291871BD4D8BC00AED4CE /* SmeshDaMoleTests */ = {
			isa = PBXGroup;
			children = (
				9DA291881BD4D8BC00AED4CE /* SmeshDaMoleTests.m */,
				9DA2918A1BD4D8BC00AED4CE /* Info.plist */,
			);
			path = SmeshDaMoleTests;
			sourceTree = "<group>";
		};
		9DA291921BD4D8BC00AED4CE /* SmeshDaMoleUITests */ = {
			isa = PBXGroup;
			children = (
				9DA291931BD4D8BC00AED4CE /* SmeshDaMoleUITests.m */,
				9DA291951BD4D8BC00AED4CE /* Info.plist */,
			);
			path = SmeshDaMoleUITests;
			sourceTree = "<group>";
		};
		9DA291A11BD4E02600AED4CE /* Sprites */ = {
			isa = PBXGroup;
			children = (
				9DA291A41BD4E32000AED4CE /* Grass.png */,
			);
			name = Sprites;
			sourceTree = "<group>";
		};
/* End PBXGroup section */

/* Begin PBXNativeTarget section */
		9DA2916A1BD4D8BC00AED4CE /* SmeshDaMole */ = {
			isa = PBXNativeTarget;
			buildConfigurationList = 9DA291981BD4D8BC00AED4CE /* Build configuration list for PBXNativeTarget "SmeshDaMole" */;
			buildPhases = (
				9DA291671BD4D8BC00AED4CE /* Sources */,
				9DA291681BD4D8BC00AED4CE /* Frameworks */,
				9DA291691BD4D8BC00AED4CE /* Resources */,
			);
			buildRules = (
			);
			dependencies = (
			);
			name = SmeshDaMole;
			productName = SmeshDaMole;
			productReference = 9DA2916B1BD4D8BC00AED4CE /* SmeshDaMole.app */;
			productType = "com.apple.product-type.application";
		};
		9DA291831BD4D8BC00AED4CE /* SmeshDaMoleTests */ = {
			isa = PBXNativeTarget;
			buildConfigurationList = 9DA2919B1BD4D8BC00AED4CE /* Build configuration list for PBXNativeTarget "SmeshDaMoleTests" */;
			buildPhases = (
				9DA291801BD4D8BC00AED4CE /* Sources */,
				9DA291811BD4D8BC00AED4CE /* Frameworks */,
				9DA291821BD4D8BC00AED4CE /* Resources */,
			);
			buildRules = (
			);
			dependencies = (
				9DA291861BD4D8BC00AED4CE /* PBXTargetDependency */,
			);
			name = SmeshDaMoleTests;
			productName = SmeshDaMoleTests;
			productReference = 9DA291841BD4D8BC00AED4CE /* SmeshDaMoleTests.xctest */;
			productType = "com.apple.product-type.bundle.unit-test";
		};
		9DA2918E1BD4D8BC00AED4CE /* SmeshDaMoleUITests */ = {
			isa = PBXNativeTarget;
			buildConfigurationList = 9DA2919E1BD4D8BC00AED4CE /* Build configuration list for PBXNativeTarget "SmeshDaMoleUITests" */;
			buildPhases = (
				9DA2918B1BD4D8BC00AED4CE /* Sources */,
				9DA2918C1BD4D8BC00AED4CE /* Frameworks */,
				9DA2918D1BD4D8BC00AED4CE /* Resources */,
			);
			buildRules = (
			);
			dependencies = (
				9DA291911BD4D8BC00AED4CE /* PBXTargetDependency */,
			);
			name = SmeshDaMoleUITests;
			productName = SmeshDaMoleUITests;
			productReference = 9DA2918F1BD4D8BC00AED4CE /* SmeshDaMoleUITests.xctest */;
			productType = "com.apple.product-type.bundle.ui-testing";
		};
/* End PBXNativeTarget section */

/* Begin PBXProject section */
		9DA291631BD4D8BC00AED4CE /* Project object */ = {
			isa = PBXProject;
			attributes = {
				LastUpgradeCheck = 0700;
				ORGANIZATIONNAME = "Kay-prod";
				TargetAttributes = {
					9DA2916A1BD4D8BC00AED4CE = {
						CreatedOnToolsVersion = 7.0;
					};
					9DA291831BD4D8BC00AED4CE = {
						CreatedOnToolsVersion = 7.0;
						TestTargetID = 9DA2916A1BD4D8BC00AED4CE;
					};
					9DA2918E1BD4D8BC00AED4CE = {
						CreatedOnToolsVersion = 7.0;
						TestTargetID = 9DA2916A1BD4D8BC00AED4CE;
					};
				};
			};
			buildConfigurationList = 9DA291661BD4D8BC00AED4CE /* Build configuration list for PBXProject "SmeshDaMole" */;
			compatibilityVersion = "Xcode 3.2";
			developmentRegion = English;
			hasScannedForEncodings = 0;
			knownRegions = (
				en,
				Base,
			);
			mainGroup = 9DA291621BD4D8BC00AED4CE;
			productRefGroup = 9DA2916C1BD4D8BC00AED4CE /* Products */;
			projectDirPath = "";
			projectRoot = "";
			targets = (
				9DA2916A1BD4D8BC00AED4CE /* SmeshDaMole */,
				9DA291831BD4D8BC00AED4CE /* SmeshDaMoleTests */,
				9DA2918E1BD4D8BC00AED4CE /* SmeshDaMoleUITests */,
			);
		};
/* End PBXProject section */

/* Begin PBXResourcesBuildPhase section */
		9DA291691BD4D8BC00AED4CE /* Resources */ = {
			isa = PBXResourcesBuildPhase;
			buildActionMask = 2147483647;
			files = (
				9DA291A51BD4E32000AED4CE /* Grass.png in Resources */,
				9DA2917E1BD4D8BC00AED4CE /* LaunchScreen.storyboard in Resources */,
				9DA2917B1BD4D8BC00AED4CE /* Assets.xcassets in Resources */,
				9DA291791BD4D8BC00AED4CE /* Main.storyboard in Resources */,
			);
			runOnlyForDeploymentPostprocessing = 0;
		};
		9DA291821BD4D8BC00AED4CE /* Resources */ = {
			isa = PBXResourcesBuildPhase;
			buildActionMask = 2147483647;
			files = (
			);
			runOnlyForDeploymentPostprocessing = 0;
		};
		9DA2918D1BD4D8BC00AED4CE /* Resources */ = {
			isa = PBXResourcesBuildPhase;
			buildActionMask = 2147483647;
			files = (
			);
			runOnlyForDeploymentPostprocessing = 0;
		};
/* End PBXResourcesBuildPhase section */

/* Begin PBXSourcesBuildPhase section */
		9DA291671BD4D8BC00AED4CE /* Sources */ = {
			isa = PBXSourcesBuildPhase;
			buildActionMask = 2147483647;
			files = (
				9DA291761BD4D8BC00AED4CE /* GameViewController.m in Sources */,
				9DA291731BD4D8BC00AED4CE /* AppDelegate.m in Sources */,
				9DA291701BD4D8BC00AED4CE /* main.m in Sources */,
			);
			runOnlyForDeploymentPostprocessing = 0;
		};
		9DA291801BD4D8BC00AED4CE /* Sources */ = {
			isa = PBXSourcesBuildPhase;
			buildActionMask = 2147483647;
			files = (
				9DA291891BD4D8BC00AED4CE /* SmeshDaMoleTests.m in Sources */,
			);
			runOnlyForDeploymentPostprocessing = 0;
		};
		9DA2918B1BD4D8BC00AED4CE /* Sources */ = {
			isa = PBXSourcesBuildPhase;
			buildActionMask = 2147483647;
			files = (
				9DA291941BD4D8BC00AED4CE /* SmeshDaMoleUITests.m in Sources */,
			);
			runOnlyForDeploymentPostprocessing = 0;
		};
/* End PBXSourcesBuildPhase section */

/* Begin PBXTargetDependency section */
		9DA291861BD4D8BC00AED4CE /* PBXTargetDependency */ = {
			isa = PBXTargetDependency;
			target = 9DA2916A1BD4D8BC00AED4CE /* SmeshDaMole */;
			targetProxy = 9DA291851BD4D8BC00AED4CE /* PBXContainerItemProxy */;
		};
		9DA291911BD4D8BC00AED4CE /* PBXTargetDependency */ = {
			isa = PBXTargetDependency;
			target = 9DA2916A1BD4D8BC00AED4CE /* SmeshDaMole */;
			targetProxy = 9DA291901BD4D8BC00AED4CE /* PBXContainerItemProxy */;
		};
/* End PBXTargetDependency section */

/* Begin PBXVariantGroup section */
		9DA291771BD4D8BC00AED4CE /* Main.storyboard */ = {
			isa = PBXVariantGroup;
			children = (
				9DA291781BD4D8BC00AED4CE /* Base */,
			);
			name = Main.storyboard;
			sourceTree = "<group>";
		};
		9DA2917C1BD4D8BC00AED4CE /* LaunchScreen.storyboard */ = {
			isa = PBXVariantGroup;
			children = (
				9DA2917D1BD4D8BC00AED4CE /* Base */,
			);
			name = LaunchScreen.storyboard;
			sourceTree = "<group>";
		};
/* End PBXVariantGroup section */

/* Begin XCBuildConfiguration section */
		9DA291961BD4D8BC00AED4CE /* Debug */ = {
			isa = XCBuildConfiguration;
			buildSettings = {
				ALWAYS_SEARCH_USER_PATHS = NO;
				CLANG_CXX_LANGUAGE_STANDARD = "gnu++0x";
				CLANG_CXX_LIBRARY = "libc++";
				CLANG_ENABLE_MODULES = YES;
				CLANG_ENABLE_OBJC_ARC = YES;
				CLANG_WARN_BOOL_CONVERSION = YES;
				CLANG_WARN_CONSTANT_CONVERSION = YES;
				CLANG_WARN_DIRECT_OBJC_ISA_USAGE = YES_ERROR;
				CLANG_WARN_EMPTY_BODY = YES;
				CLANG_WARN_ENUM_CONVERSION = YES;
				CLANG_WARN_INT_CONVERSION = YES;
				CLANG_WARN_OBJC_ROOT_CLASS = YES_ERROR;
				CLANG_WARN_UNREACHABLE_CODE = YES;
				CLANG_WARN__DUPLICATE_METHOD_MATCH = YES;
				"CODE_SIGN_IDENTITY[sdk=iphoneos*]" = "iPhone Developer";
				COPY_PHASE_STRIP = NO;
				DEBUG_INFORMATION_FORMAT = dwarf;
				ENABLE_STRICT_OBJC_MSGSEND = YES;
				ENABLE_TESTABILITY = YES;
				GCC_C_LANGUAGE_STANDARD = gnu99;
				GCC_DYNAMIC_NO_PIC = NO;
				GCC_NO_COMMON_BLOCKS = YES;
				GCC_OPTIMIZATION_LEVEL = 0;
				GCC_PREPROCESSOR_DEFINITIONS = (
					"DEBUG=1",
					"$(inherited)",
				);
				GCC_WARN_64_TO_32_BIT_CONVERSION = YES;
				GCC_WARN_ABOUT_RETURN_TYPE = YES_ERROR;
				GCC_WARN_UNDECLARED_SELECTOR = YES;
				GCC_WARN_UNINITIALIZED_AUTOS = YES_AGGRESSIVE;
				GCC_WARN_UNUSED_FUNCTION = YES;
				GCC_WARN_UNUSED_VARIABLE = YES;
				IPHONEOS_DEPLOYMENT_TARGET = 9.0;
				MTL_ENABLE_DEBUG_INFO = YES;
				ONLY_ACTIVE_ARCH = YES;
				SDKROOT = iphoneos;
			};
			name = Debug;
		};
		9DA291971BD4D8BC00AED4CE /* Release */ = {
			isa = XCBuildConfiguration;
			buildSettings = {
				ALWAYS_SEARCH_USER_PATHS = NO;
				CLANG_CXX_LANGUAGE_STANDARD = "gnu++0x";
				CLANG_CXX_LIBRARY = "libc++";
				CLANG_ENABLE_MODULES = YES;
				CLANG_ENABLE_OBJC_ARC = YES;
				CLANG_WARN_BOOL_CONVERSION = YES;
				CLANG_WARN_CONSTANT_CONVERSION = YES;
				CLANG_WARN_DIRECT_OBJC_ISA_USAGE = YES_ERROR;
				CLANG_WARN_EMPTY_BODY = YES;
				CLANG_WARN_ENUM_CONVERSION = YES;
				CLANG_WARN_INT_CONVERSION = YES;
				CLANG_WARN_OBJC_ROOT_CLASS = YES_ERROR;
				CLANG_WARN_UNREACHABLE_CODE = YES;
				CLANG_WARN__DUPLICATE_METHOD_MATCH = YES;
				"CODE_SIGN_IDENTITY[sdk=iphoneos*]" = "iPhone Developer";
				COPY_PHASE_STRIP = NO;
				DEBUG_INFORMATION_FORMAT = "dwarf-with-dsym";
				ENABLE_NS_ASSERTIONS = NO;
				ENABLE_STRICT_OBJC_MSGSEND = YES;
				GCC_C_LANGUAGE_STANDARD = gnu99;
				GCC_NO_COMMON_BLOCKS = YES;
				GCC_WARN_64_TO_32_BIT_CONVERSION = YES;
				GCC_WARN_ABOUT_RETURN_TYPE = YES_ERROR;
				GCC_WARN_UNDECLARED_SELECTOR = YES;
				GCC_WARN_UNINITIALIZED_AUTOS = YES_AGGRESSIVE;
				GCC_WARN_UNUSED_FUNCTION = YES;
				GCC_WARN_UNUSED_VARIABLE = YES;
				IPHONEOS_DEPLOYMENT_TARGET = 9.0;
				MTL_ENABLE_DEBUG_INFO = NO;
				SDKROOT = iphoneos;
				VALIDATE_PRODUCT = YES;
			};
			name = Release;
		};
		9DA291991BD4D8BC00AED4CE /* Debug */ = {
			isa = XCBuildConfiguration;
			buildSettings = {
				ASSETCATALOG_COMPILER_APPICON_NAME = AppIcon;
				INFOPLIST_FILE = SmeshDaMole/Info.plist;
				LD_RUNPATH_SEARCH_PATHS = "$(inherited) @executable_path/Frameworks";
				PRODUCT_BUNDLE_IDENTIFIER = "com.Kay-prod.SmeshDaMole";
				PRODUCT_NAME = "$(TARGET_NAME)";
			};
			name = Debug;
		};
		9DA2919A1BD4D8BC00AED4CE /* Release */ = {
			isa = XCBuildConfiguration;
			buildSettings = {
				ASSETCATALOG_COMPILER_APPICON_NAME = AppIcon;
				INFOPLIST_FILE = SmeshDaMole/Info.plist;
				LD_RUNPATH_SEARCH_PATHS = "$(inherited) @executable_path/Frameworks";
				PRODUCT_BUNDLE_IDENTIFIER = "com.Kay-prod.SmeshDaMole";
				PRODUCT_NAME = "$(TARGET_NAME)";
			};
			name = Release;
		};
		9DA2919C1BD4D8BC00AED4CE /* Debug */ = {
			isa = XCBuildConfiguration;
			buildSettings = {
				BUNDLE_LOADER = "$(TEST_HOST)";
				INFOPLIST_FILE = SmeshDaMoleTests/Info.plist;
				LD_RUNPATH_SEARCH_PATHS = "$(inherited) @executable_path/Frameworks @loader_path/Frameworks";
				PRODUCT_BUNDLE_IDENTIFIER = "com.Kay-prod.SmeshDaMoleTests";
				PRODUCT_NAME = "$(TARGET_NAME)";
				TEST_HOST = "$(BUILT_PRODUCTS_DIR)/SmeshDaMole.app/SmeshDaMole";
			};
			name = Debug;
		};
		9DA2919D1BD4D8BC00AED4CE /* Release */ = {
			isa = XCBuildConfiguration;
			buildSettings = {
				BUNDLE_LOADER = "$(TEST_HOST)";
				INFOPLIST_FILE = SmeshDaMoleTests/Info.plist;
				LD_RUNPATH_SEARCH_PATHS = "$(inherited) @executable_path/Frameworks @loader_path/Frameworks";
				PRODUCT_BUNDLE_IDENTIFIER = "com.Kay-prod.SmeshDaMoleTests";
				PRODUCT_NAME = "$(TARGET_NAME)";
				TEST_HOST = "$(BUILT_PRODUCTS_DIR)/SmeshDaMole.app/SmeshDaMole";
			};
			name = Release;
		};
		9DA2919F1BD4D8BC00AED4CE /* Debug */ = {
			isa = XCBuildConfiguration;
			buildSettings = {
				INFOPLIST_FILE = SmeshDaMoleUITests/Info.plist;
				LD_RUNPATH_SEARCH_PATHS = "$(inherited) @executable_path/Frameworks @loader_path/Frameworks";
				PRODUCT_BUNDLE_IDENTIFIER = "com.Kay-prod.SmeshDaMoleUITests";
				PRODUCT_NAME = "$(TARGET_NAME)";
				TEST_TARGET_NAME = SmeshDaMole;
				USES_XCTRUNNER = YES;
			};
			name = Debug;
		};
		9DA291A01BD4D8BC00AED4CE /* Release */ = {
			isa = XCBuildConfiguration;
			buildSettings = {
				INFOPLIST_FILE = SmeshDaMoleUITests/Info.plist;
				LD_RUNPATH_SEARCH_PATHS = "$(inherited) @executable_path/Frameworks @loader_path/Frameworks";
				PRODUCT_BUNDLE_IDENTIFIER = "com.Kay-prod.SmeshDaMoleUITests";
				PRODUCT_NAME = "$(TARGET_NAME)";
				TEST_TARGET_NAME = SmeshDaMole;
				USES_XCTRUNNER = YES;
			};
			name = Release;
		};
/* End XCBuildConfiguration section */

/* Begin XCConfigurationList section */
		9DA291661BD4D8BC00AED4CE /* Build configuration list for PBXProject "SmeshDaMole" */ = {
			isa = XCConfigurationList;
			buildConfigurations = (
				9DA291961BD4D8BC00AED4CE /* Debug */,
				9DA291971BD4D8BC00AED4CE /* Release */,
			);
			defaultConfigurationIsVisible = 0;
			defaultConfigurationName = Release;
		};
		9DA291981BD4D8BC00AED4CE /* Build configuration list for PBXNativeTarget "SmeshDaMole" */ = {
			isa = XCConfigurationList;
			buildConfigurations = (
				9DA291991BD4D8BC00AED4CE /* Debug */,
				9DA2919A1BD4D8BC00AED4CE /* Release */,
			);
			defaultConfigurationIsVisible = 0;
		};
		9DA2919B1BD4D8BC00AED4CE /* Build configuration list for PBXNativeTarget "SmeshDaMoleTests" */ = {
			isa = XCConfigurationList;
			buildConfigurations = (
				9DA2919C1BD4D8BC00AED4CE /* Debug */,
				9DA2919D1BD4D8BC00AED4CE /* Release */,
			);
			defaultConfigurationIsVisible = 0;
		};
		9DA2919E1BD4D8BC00AED4CE /* Build configuration list for PBXNativeTarget "SmeshDaMoleUITests" */ = {
			isa = XCConfigurationList;
			buildConfigurations = (
				9DA2919F1BD4D8BC00AED4CE /* Debug */,
				9DA291A01BD4D8BC00AED4CE /* Release */,
			);
			defaultConfigurationIsVisible = 0;
		};
/* End XCConfigurationList section */
	};
	rootObject = 9DA291631BD4D8BC00AED4CE /* Project object */;
}
